{
  "name": "haezoom-vuetify-preset",
  "version": "1.0.0",
  "lockfileVersion": 1,
  "requires": true,
  "dependencies": {
    "@deltares/design-tokens": {
      "version": "0.3.0",
      "resolved": "https://registry.npmjs.org/@deltares/design-tokens/-/design-tokens-0.3.0.tgz",
      "integrity": "sha512-nH6DfhuPTXZk42lxuPVzt+lX6cSLBFziS4fZWoUbzDMEX0JpyhGmocjQNjH2iKIOiJMfEgVGoIBE5H5a0+SPvw=="
    },
    "@deltares/vuetify-theme": {
      "version": "0.3.0",
      "resolved": "https://registry.npmjs.org/@deltares/vuetify-theme/-/vuetify-theme-0.3.0.tgz",
      "integrity": "sha512-oWi4tmxnvEYGqnxvy5Y8NL4lv3GBiaaIPumAlLfgzesY80wyHnJqsCp85Mg1krCq2RKFWC8HHIKpk00Tir4M4A==",
      "requires": {
        "@deltares/design-tokens": "^0.3.0"
      }
    }
  }
}
